
Microsoft Visual Studio Solution File, Format Version 12.00
# Visual Studio Version 17
VisualStudioVersion = 17.0.31903.59
MinimumVisualStudioVersion = 10.0.40219.1
Project("{2150E333-8FDC-42A3-9474-1A3956D46DE8}") = "src", "src", "{C270C52A-1E2B-4A1B-8217-8B3828C20C1A}"
EndProject
Project("{FAE04EC0-301F-11D3-BF4B-00C04F79EFBC}") = "Clave.Host", "src\Clave.Host\Clave.Host.csproj", "{838C325F-B104-4EEA-BC2C-3D23078B9FFA}"
EndProject
Project("{FAE04EC0-301F-11D3-BF4B-00C04F79EFBC}") = "Clave.Vision", "src\Clave.Vision\Clave.Vision.csproj", "{33A59C4E-955A-475D-8C1F-66CC46672F27}"
EndProject
Project("{FAE04EC0-301F-11D3-BF4B-00C04F79EFBC}") = "Clave.Capture", "src\Clave.Capture\Clave.Capture.csproj", "{9F1FA58A-B39C-4884-A1F7-3AC739FE82BE}"
EndProject
Project("{FAE04EC0-301F-11D3-BF4B-00C04F79EFBC}") = "Clave.Bus", "src\Clave.Bus\Clave.Bus.csproj", "{FF11EFC0-3598-4F24-83CA-E7F4BC44AA50}"
EndProject
Project("{FAE04EC0-301F-11D3-BF4B-00C04F79EFBC}") = "Clave.Interop", "src\Clave.Interop\Clave.Interop.csproj", "{3C1946A7-0350-48C8-8160-41FE5F08CFA2}"
EndProject
Project("{FAE04EC0-301F-11D3-BF4B-00C04F79EFBC}") = "Clave.Cli", "src\Clave.Cli\Clave.Cli.csproj", "{B5F4B4C8-EAB3-4477-A872-D024A0AB039A}"
EndProject
Project("{2150E333-8FDC-42A3-9474-1A3956D46DE8}") = "tests", "tests", "{28D520DA-40C9-4054-A6B0-A6ECEA3EF8DB}"
EndProject
Project("{FAE04EC0-301F-11D3-BF4B-00C04F79EFBC}") = "Clave.Host.Tests", "tests\Clave.Host.Tests\Clave.Host.Tests.csproj", "{9DF95C95-7E33-4A0F-AB2C-1324D57A4C28}"
EndProject
Project("{FAE04EC0-301F-11D3-BF4B-00C04F79EFBC}") = "Clave.Interop.Tests", "tests\Clave.Interop.Tests\Clave.Interop.Tests.csproj", "{71D1C712-F188-458D-BA88-99D6A938F295}"
EndProject
Global
	GlobalSection(SolutionConfigurationPlatforms) = preSolution
		Debug|Any CPU = Debug|Any CPU
		Release|Any CPU = Release|Any CPU
	EndGlobalSection
	GlobalSection(SolutionProperties) = preSolution
		HideSolutionNode = FALSE
	EndGlobalSection
	GlobalSection(ProjectConfigurationPlatforms) = postSolution
		{838C325F-B104-4EEA-BC2C-3D23078B9FFA}.Debug|Any CPU.ActiveCfg = Debug|Any CPU
		{838C325F-B104-4EEA-BC2C-3D23078B9FFA}.Debug|Any CPU.Build.0 = Debug|Any CPU
		{838C325F-B104-4EEA-BC2C-3D23078B9FFA}.Release|Any CPU.ActiveCfg = Release|Any CPU
		{838C325F-B104-4EEA-BC2C-3D23078B9FFA}.Release|Any CPU.Build.0 = Release|Any CPU
		{33A59C4E-955A-475D-8C1F-66CC46672F27}.Debug|Any CPU.ActiveCfg = Debug|Any CPU
		{33A59C4E-955A-475D-8C1F-66CC46672F27}.Debug|Any CPU.Build.0 = Debug|Any CPU
		{33A59C4E-955A-475D-8C1F-66CC46672F27}.Release|Any CPU.ActiveCfg = Release|Any CPU
		{33A59C4E-955A-475D-8C1F-66CC46672F27}.Release|Any CPU.Build.0 = Release|Any CPU
		{9F1FA58A-B39C-4884-A1F7-3AC739FE82BE}.Debug|Any CPU.ActiveCfg = Debug|Any CPU
		{9F1FA58A-B39C-4884-A1F7-3AC739FE82BE}.Debug|Any CPU.Build.0 = Debug|Any CPU
		{9F1FA58A-B39C-4884-A1F7-3AC739FE82BE}.Release|Any CPU.ActiveCfg = Release|Any CPU
		{9F1FA58A-B39C-4884-A1F7-3AC739FE82BE}.Release|Any CPU.Build.0 = Release|Any CPU
		{FF11EFC0-3598-4F24-83CA-E7F4BC44AA50}.Debug|Any CPU.ActiveCfg = Debug|Any CPU
		{FF11EFC0-3598-4F24-83CA-E7F4BC44AA50}.Debug|Any CPU.Build.0 = Debug|Any CPU
		{FF11EFC0-3598-4F24-83CA-E7F4BC44AA50}.Release|Any CPU.ActiveCfg = Release|Any CPU
		{FF11EFC0-3598-4F24-83CA-E7F4BC44AA50}.Release|Any CPU.Build.0 = Release|Any CPU
		{3C1946A7-0350-48C8-8160-41FE5F08CFA2}.Debug|Any CPU.ActiveCfg = Debug|Any CPU
		{3C1946A7-0350-48C8-8160-41FE5F08CFA2}.Debug|Any CPU.Build.0 = Debug|Any CPU
		{3C1946A7-0350-48C8-8160-41FE5F08CFA2}.Release|Any CPU.ActiveCfg = Release|Any CPU
		{3C1946A7-0350-48C8-8160-41FE5F08CFA2}.Release|Any CPU.Build.0 = Release|Any CPU
		{B5F4B4C8-EAB3-4477-A872-D024A0AB039A}.Debug|Any CPU.ActiveCfg = Debug|Any CPU
		{B5F4B4C8-EAB3-4477-A872-D024A0AB039A}.Debug|Any CPU.Build.0 = Debug|Any CPU
		{B5F4B4C8-EAB3-4477-A872-D024A0AB039A}.Release|Any CPU.ActiveCfg = Release|Any CPU
		{B5F4B4C8-EAB3-4477-A872-D024A0AB039A}.Release|Any CPU.Build.0 = Release|Any CPU
		{9DF95C95-7E33-4A0F-AB2C-1324D57A4C28}.Debug|Any CPU.ActiveCfg = Debug|Any CPU
		{9DF95C95-7E33-4A0F-AB2C-1324D57A4C28}.Debug|Any CPU.Build.0 = Debug|Any CPU
		{9DF95C95-7E33-4A0F-AB2C-1324D57A4C28}.Release|Any CPU.ActiveCfg = Release|Any CPU
		{9DF95C95-7E33-4A0F-AB2C-1324D57A4C28}.Release|Any CPU.Build.0 = Release|Any CPU
		{71D1C712-F188-458D-BA88-99D6A938F295}.Debug|Any CPU.ActiveCfg = Debug|Any CPU
		{71D1C712-F188-458D-BA88-99D6A938F295}.Debug|Any CPU.Build.0 = Debug|Any CPU
		{71D1C712-F188-458D-BA88-99D6A938F295}.Release|Any CPU.ActiveCfg = Release|Any CPU
		{71D1C712-F188-458D-BA88-99D6A938F295}.Release|Any CPU.Build.0 = Release|Any CPU
	EndGlobalSection
	GlobalSection(NestedProjects) = preSolution
		{838C325F-B104-4EEA-BC2C-3D23078B9FFA} = {C270C52A-1E2B-4A1B-8217-8B3828C20C1A}
		{33A59C4E-955A-475D-8C1F-66CC46672F27} = {C270C52A-1E2B-4A1B-8217-8B3828C20C1A}
		{9F1FA58A-B39C-4884-A1F7-3AC739FE82BE} = {C270C52A-1E2B-4A1B-8217-8B3828C20C1A}
		{FF11EFC0-3598-4F24-83CA-E7F4BC44AA50} = {C270C52A-1E2B-4A1B-8217-8B3828C20C1A}
		{3C1946A7-0350-48C8-8160-41FE5F08CFA2} = {C270C52A-1E2B-4A1B-8217-8B3828C20C1A}
		{B5F4B4C8-EAB3-4477-A872-D024A0AB039A} = {C270C52A-1E2B-4A1B-8217-8B3828C20C1A}
		{9DF95C95-7E33-4A0F-AB2C-1324D57A4C28} = {28D520DA-40C9-4054-A6B0-A6ECEA3EF8DB}
		{71D1C712-F188-458D-BA88-99D6A938F295} = {28D520DA-40C9-4054-A6B0-A6ECEA3EF8DB}
	EndGlobalSection
EndGlobal
